
Microsoft Visual Studio Solution File, Format Version 12.00
# Visual Studio Version 17
VisualStudioVersion = 17.4.33122.133
MinimumVisualStudioVersion = 10.0.40219.1
Project("{FAE04EC0-301F-11D3-BF4B-00C04F79EFBC}") = "JenPro", "JenPro\JenPro.csproj", "{03293F53-B895-43E5-A740-2D22DC0AA612}"
EndProject
Global
	GlobalSection(SolutionConfigurationPlatforms) = preSolution
		Debug|Any CPU = Debug|Any CPU
		Release|Any CPU = Release|Any CPU
	EndGlobalSection
	GlobalSection(ProjectConfigurationPlatforms) = postSolution
		{03293F53-B895-43E5-A740-2D22DC0AA612}.Debug|Any CPU.ActiveCfg = Debug|Any CPU
		{03293F53-B895-43E5-A740-2D22DC0AA612}.Debug|Any CPU.Build.0 = Debug|Any CPU
		{03293F53-B895-43E5-A740-2D22DC0AA612}.Release|Any CPU.ActiveCfg = Release|Any CPU
		{03293F53-B895-43E5-A740-2D22DC0AA612}.Release|Any CPU.Build.0 = Release|Any CPU
	EndGlobalSection
	GlobalSection(SolutionProperties) = preSolution
		HideSolutionNode = FALSE
	EndGlobalSection
	GlobalSection(ExtensibilityGlobals) = postSolution
		SolutionGuid = {64AA7327-8D8D-4F56-ACAC-A584D0B9E5A6}
	EndGlobalSection
EndGlobal
